// !$*UTF8*$!
{
	archiveVersion = 1;
	classes = {
	};
	objectVersion = 50;
	objects = {

/* Begin PBXBuildFile section */
		18444CBA253B4F4A000E3BAE /* AppDelegate.swift in Sources */ = {isa = PBXBuildFile; fileRef = 18444CB9253B4F4A000E3BAE /* AppDelegate.swift */; };
		18444CBC253B4F4A000E3BAE /* SceneDelegate.swift in Sources */ = {isa = PBXBuildFile; fileRef = 18444CBB253B4F4A000E3BAE /* SceneDelegate.swift */; };
		18444CBE253B4F4A000E3BAE /* ViewController.swift in Sources */ = {isa = PBXBuildFile; fileRef = 18444CBD253B4F4A000E3BAE /* ViewController.swift */; };
		18444CC1253B4F4A000E3BAE /* Main.storyboard in Resources */ = {isa = PBXBuildFile; fileRef = 18444CBF253B4F4A000E3BAE /* Main.storyboard */; };
		18444CC3253B4F4D000E3BAE /* Assets.xcassets in Resources */ = {isa = PBXBuildFile; fileRef = 18444CC2253B4F4D000E3BAE /* Assets.xcassets */; };
		18444CC6253B4F4D000E3BAE /* LaunchScreen.storyboard in Resources */ = {isa = PBXBuildFile; fileRef = 18444CC4253B4F4D000E3BAE /* LaunchScreen.storyboard */; };
/* End PBXBuildFile section */

/* Begin PBXFileReference section */
		18444CB6253B4F4A000E3BAE /* HomeWork2.2v3.app */ = {isa = PBXFileReference; explicitFileType = wrapper.application; includeInIndex = 0; path = HomeWork2.2v3.app; sourceTree = BUILT_PRODUCTS_DIR; };
		18444CB9253B4F4A000E3BAE /* AppDelegate.swift */ = {isa = PBXFileReference; lastKnownFileType = sourcecode.swift; path = AppDelegate.swift; sourceTree = "<group>"; };
		18444CBB253B4F4A000E3BAE /* SceneDelegate.swift */ = {isa = PBXFileReference; lastKnownFileType = sourcecode.swift; path = SceneDelegate.swift; sourceTree = "<group>"; };
		18444CBD253B4F4A000E3BAE /* ViewController.swift */ = {isa = PBXFileReference; lastKnownFileType = sourcecode.swift; path = ViewController.swift; sourceTree = "<group>"; };
		18444CC0253B4F4A000E3BAE /* Base */ = {isa = PBXFileReference; lastKnownFileType = file.storyboard; name = Base; path = Base.lproj/Main.storyboard; sourceTree = "<group>"; };
		18444CC2253B4F4D000E3BAE /* Assets.xcassets */ = {isa = PBXFileReference; lastKnownFileType = folder.assetcatalog; path = Assets.xcassets; sourceTree = "<group>"; };
		18444CC5253B4F4D000E3BAE /* Base */ = {isa = PBXFileReference; lastKnownFileType = file.storyboard; name = Base; path = Base.lproj/LaunchScreen.storyboard; sourceTree = "<group>"; };
		18444CC7253B4F4D000E3BAE /* Info.plist */ = {isa = PBXFileReference; lastKnownFileType = text.plist.xml; path = Info.plist; sourceTree = "<group>"; };
/* End PBXFileReference section */

/* Begin PBXFrameworksBuildPhase section */
		18444CB3253B4F4A000E3BAE /* Frameworks */ = {
			isa = PBXFrameworksBuildPhase;
			buildActionMask = 2147483647;
			files = (
			);
			runOnlyForDeploymentPostprocessing = 0;
		};
/* End PBXFrameworksBuildPhase section */

/* Begin PBXGroup section */
		18444CAD253B4F4A000E3BAE = {
			isa = PBXGroup;
			children = (
				18444CB8253B4F4A000E3BAE /* HomeWork2.2v3 */,
				18444CB7253B4F4A000E3BAE /* Products */,
			);
			sourceTree = "<group>";
		};
		18444CB7253B4F4A000E3BAE /* Products */ = {
			isa = PBXGroup;
			children = (
				18444CB6253B4F4A000E3BAE /* HomeWork2.2v3.app */,
			);
			name = Products;
			sourceTree = "<group>";
		};
		18444CB8253B4F4A000E3BAE /* HomeWork2.2v3 */ = {
			isa = PBXGroup;
			children = (
				18444CB9253B4F4A000E3BAE /* AppDelegate.swift */,
				18444CBB253B4F4A000E3BAE /* SceneDelegate.swift */,
				18444CBD253B4F4A000E3BAE /* ViewController.swift */,
				18444CBF253B4F4A000E3BAE /* Main.storyboard */,
				18444CC2253B4F4D000E3BAE /* Assets.xcassets */,
				18444CC4253B4F4D000E3BAE /* LaunchScreen.storyboard */,
				18444CC7253B4F4D000E3BAE /* Info.plist */,
			);
			path = HomeWork2.2v3;
			sourceTree = "<group>";
		};
/* End PBXGroup section */

/* Begin PBXNativeTarget section */
		18444CB5253B4F4A000E3BAE /* HomeWork2.2v3 */ = {
			isa = PBXNativeTarget;
			buildConfigurationList = 18444CCA253B4F4D000E3BAE /* Build configuration list for PBXNativeTarget "HomeWork2.2v3" */;
			buildPhases = (
				18444CB2253B4F4A000E3BAE /* Sources */,
				18444CB3253B4F4A000E3BAE /* Frameworks */,
				18444CB4253B4F4A000E3BAE /* Resources */,
			);
			buildRules = (
			);
			dependencies = (
			);
			name = HomeWork2.2v3;
			productName = HomeWork2.2v3;
			productReference = 18444CB6253B4F4A000E3BAE /* HomeWork2.2v3.app */;
			productType = "com.apple.product-type.application";
		};
/* End PBXNativeTarget section */

/* Begin PBXProject section */
		18444CAE253B4F4A000E3BAE /* Project object */ = {
			isa = PBXProject;
			attributes = {
				LastSwiftUpdateCheck = 1200;
				LastUpgradeCheck = 1200;
				TargetAttributes = {
					18444CB5253B4F4A000E3BAE = {
						CreatedOnToolsVersion = 12.0.1;
					};
				};
			};
			buildConfigurationList = 18444CB1253B4F4A000E3BAE /* Build configuration list for PBXProject "HomeWork2.2v3" */;
			compatibilityVersion = "Xcode 9.3";
			developmentRegion = en;
			hasScannedForEncodings = 0;
			knownRegions = (
				en,
				Base,
			);
			mainGroup = 18444CAD253B4F4A000E3BAE;
			productRefGroup = 18444CB7253B4F4A000E3BAE /* Products */;
			projectDirPath = "";
			projectRoot = "";
			targets = (
				18444CB5253B4F4A000E3BAE /* HomeWork2.2v3 */,
			);
		};
/* End PBXProject section */

/* Begin PBXResourcesBuildPhase section */
		18444CB4253B4F4A000E3BAE /* Resources */ = {
			isa = PBXResourcesBuildPhase;
			buildActionMask = 2147483647;
			files = (
				18444CC6253B4F4D000E3BAE /* LaunchScreen.storyboard in Resources */,
				18444CC3253B4F4D000E3BAE /* Assets.xcassets in Resources */,
				18444CC1253B4F4A000E3BAE /* Main.storyboard in Resources */,
			);
			runOnlyForDeploymentPostprocessing = 0;
		};
/* End PBXResourcesBuildPhase section */

/* Begin PBXSourcesBuildPhase section */
		18444CB2253B4F4A000E3BAE /* Sources */ = {
			isa = PBXSourcesBuildPhase;
			buildActionMask = 2147483647;
			files = (
				18444CBE253B4F4A000E3BAE /* ViewController.swift in Sources */,
				18444CBA253B4F4A000E3BAE /* AppDelegate.swift in Sources */,
				18444CBC253B4F4A000E3BAE /* SceneDelegate.swift in Sources */,
			);
			runOnlyForDeploymentPostprocessing = 0;
		};
/* End PBXSourcesBuildPhase section */

/* Begin PBXVariantGroup section */
		18444CBF253B4F4A000E3BAE /* Main.storyboard */ = {
			isa = PBXVariantGroup;
			children = (
				18444CC0253B4F4A000E3BAE /* Base */,
			);
			name = Main.storyboard;
			sourceTree = "<group>";
		};
		18444CC4253B4F4D000E3BAE /* LaunchScreen.storyboard */ = {
			isa = PBXVariantGroup;
			children = (
				18444CC5253B4F4D000E3BAE /* Base */,
			);
			name = LaunchScreen.storyboard;
			sourceTree = "<group>";
		};
/* End PBXVariantGroup section */

/* Begin XCBuildConfiguration section */
		18444CC8253B4F4D000E3BAE /* Debug */ = {
			isa = XCBuildConfiguration;
			buildSettings = {
				ALWAYS_SEARCH_USER_PATHS = NO;
				CLANG_ANALYZER_NONNULL = YES;
				CLANG_ANALYZER_NUMBER_OBJECT_CONVERSION = YES_AGGRESSIVE;
				CLANG_CXX_LANGUAGE_STANDARD = "gnu++14";
				CLANG_CXX_LIBRARY = "libc++";
				CLANG_ENABLE_MODULES = YES;
				CLANG_ENABLE_OBJC_ARC = YES;
				CLANG_ENABLE_OBJC_WEAK = YES;
				CLANG_WARN_BLOCK_CAPTURE_AUTORELEASING = YES;
				CLANG_WARN_BOOL_CONVERSION = YES;
				CLANG_WARN_COMMA = YES;
				CLANG_WARN_CONSTANT_CONVERSION = YES;
				CLANG_WARN_DEPRECATED_OBJC_IMPLEMENTATIONS = YES;
				CLANG_WARN_DIRECT_OBJC_ISA_USAGE = YES_ERROR;
				CLANG_WARN_DOCUMENTATION_COMMENTS = YES;
				CLANG_WARN_EMPTY_BODY = YES;
				CLANG_WARN_ENUM_CONVERSION = YES;
				CLANG_WARN_INFINITE_RECURSION = YES;
				CLANG_WARN_INT_CONVERSION = YES;
				CLANG_WARN_NON_LITERAL_NULL_CONVERSION = YES;
				CLANG_WARN_OBJC_IMPLICIT_RETAIN_SELF = YES;
				CLANG_WARN_OBJC_LITERAL_CONVERSION = YES;
				CLANG_WARN_OBJC_ROOT_CLASS = YES_ERROR;
				CLANG_WARN_QUOTED_INCLUDE_IN_FRAMEWORK_HEADER = YES;
				CLANG_WARN_RANGE_LOOP_ANALYSIS = YES;
				CLANG_WARN_STRICT_PROTOTYPES = YES;
				CLANG_WARN_SUSPICIOUS_MOVE = YES;
				CLANG_WARN_UNGUARDED_AVAILABILITY = YES_AGGRESSIVE;
				CLANG_WARN_UNREACHABLE_CODE = YES;
				CLANG_WARN__DUPLICATE_METHOD_MATCH = YES;
				COPY_PHASE_STRIP = NO;
				DEBUG_INFORMATION_FORMAT = dwarf;
				ENABLE_STRICT_OBJC_MSGSEND = YES;
				ENABLE_TESTABILITY = YES;
				GCC_C_LANGUAGE_STANDARD = gnu11;
				GCC_DYNAMIC_NO_PIC = NO;
				GCC_NO_COMMON_BLOCKS = YES;
				GCC_OPTIMIZATION_LEVEL = 0;
				GCC_PREPROCESSOR_DEFINITIONS = (
					"DEBUG=1",
					"$(inherited)",
				);
				GCC_WARN_64_TO_32_BIT_CONVERSION = YES;
				GCC_WARN_ABOUT_RETURN_TYPE = YES_ERROR;
				GCC_WARN_UNDECLARED_SELECTOR = YES;
				GCC_WARN_UNINITIALIZED_AUTOS = YES_AGGRESSIVE;
				GCC_WARN_UNUSED_FUNCTION = YES;
				GCC_WARN_UNUSED_VARIABLE = YES;
				IPHONEOS_DEPLOYMENT_TARGET = 14.0;
				MTL_ENABLE_DEBUG_INFO = INCLUDE_SOURCE;
				MTL_FAST_MATH = YES;
				ONLY_ACTIVE_ARCH = YES;
				SDKROOT = iphoneos;
				SWIFT_ACTIVE_COMPILATION_CONDITIONS = DEBUG;
				SWIFT_OPTIMIZATION_LEVEL = "-Onone";
			};
			name = Debug;
		};
		18444CC9253B4F4D000E3BAE /* Release */ = {
			isa = XCBuildConfiguration;
			buildSettings = {
				ALWAYS_SEARCH_USER_PATHS = NO;
				CLANG_ANALYZER_NONNULL = YES;
				CLANG_ANALYZER_NUMBER_OBJECT_CONVERSION = YES_AGGRESSIVE;
				CLANG_CXX_LANGUAGE_STANDARD = "gnu++14";
				CLANG_CXX_LIBRARY = "libc++";
				CLANG_ENABLE_MODULES = YES;
				CLANG_ENABLE_OBJC_ARC = YES;
				CLANG_ENABLE_OBJC_WEAK = YES;
				CLANG_WARN_BLOCK_CAPTURE_AUTORELEASING = YES;
				CLANG_WARN_BOOL_CONVERSION = YES;
				CLANG_WARN_COMMA = YES;
				CLANG_WARN_CONSTANT_CONVERSION = YES;
				CLANG_WARN_DEPRECATED_OBJC_IMPLEMENTATIONS = YES;
				CLANG_WARN_DIRECT_OBJC_ISA_USAGE = YES_ERROR;
				CLANG_WARN_DOCUMENTATION_COMMENTS = YES;
				CLANG_WARN_EMPTY_BODY = YES;
				CLANG_WARN_ENUM_CONVERSION = YES;
				CLANG_WARN_INFINITE_RECURSION = YES;
				CLANG_WARN_INT_CONVERSION = YES;
				CLANG_WARN_NON_LITERAL_NULL_CONVERSION = YES;
				CLANG_WARN_OBJC_IMPLICIT_RETAIN_SELF = YES;
				CLANG_WARN_OBJC_LITERAL_CONVERSION = YES;
				CLANG_WARN_OBJC_ROOT_CLASS = YES_ERROR;
				CLANG_WARN_QUOTED_INCLUDE_IN_FRAMEWORK_HEADER = YES;
				CLANG_WARN_RANGE_LOOP_ANALYSIS = YES;
				CLANG_WARN_STRICT_PROTOTYPES = YES;
				CLANG_WARN_SUSPICIOUS_MOVE = YES;
				CLANG_WARN_UNGUARDED_AVAILABILITY = YES_AGGRESSIVE;
				CLANG_WARN_UNREACHABLE_CODE = YES;
				CLANG_WARN__DUPLICATE_METHOD_MATCH = YES;
				COPY_PHASE_STRIP = NO;
				DEBUG_INFORMATION_FORMAT = "dwarf-with-dsym";
				ENABLE_NS_ASSERTIONS = NO;
				ENABLE_STRICT_OBJC_MSGSEND = YES;
				GCC_C_LANGUAGE_STANDARD = gnu11;
				GCC_NO_COMMON_BLOCKS = YES;
				GCC_WARN_64_TO_32_BIT_CONVERSION = YES;
				GCC_WARN_ABOUT_RETURN_TYPE = YES_ERROR;
				GCC_WARN_UNDECLARED_SELECTOR = YES;
				GCC_WARN_UNINITIALIZED_AUTOS = YES_AGGRESSIVE;
				GCC_WARN_UNUSED_FUNCTION = YES;
				GCC_WARN_UNUSED_VARIABLE = YES;
				IPHONEOS_DEPLOYMENT_TARGET = 14.0;
				MTL_ENABLE_DEBUG_INFO = NO;
				MTL_FAST_MATH = YES;
				SDKROOT = iphoneos;
				SWIFT_COMPILATION_MODE = wholemodule;
				SWIFT_OPTIMIZATION_LEVEL = "-O";
				VALIDATE_PRODUCT = YES;
			};
			name = Release;
		};
		18444CCB253B4F4D000E3BAE /* Debug */ = {
			isa = XCBuildConfiguration;
			buildSettings = {
				ASSETCATALOG_COMPILER_APPICON_NAME = AppIcon;
				ASSETCATALOG_COMPILER_GLOBAL_ACCENT_COLOR_NAME = AccentColor;
				CODE_SIGN_STYLE = Automatic;
				DEVELOPMENT_TEAM = RRAQ4U897N;
				INFOPLIST_FILE = HomeWork2.2v3/Info.plist;
				LD_RUNPATH_SEARCH_PATHS = (
					"$(inherited)",
					"@executable_path/Frameworks",
				);
				PRODUCT_BUNDLE_IDENTIFIER = "Sergey-Druzhinin.HomeWork2-2v3";
				PRODUCT_NAME = "$(TARGET_NAME)";
				SWIFT_VERSION = 5.0;
				TARGETED_DEVICE_FAMILY = 1;
			};
			name = Debug;
		};
		18444CCC253B4F4D000E3BAE /* Release */ = {
			isa = XCBuildConfiguration;
			buildSettings = {
				ASSETCATALOG_COMPILER_APPICON_NAME = AppIcon;
				ASSETCATALOG_COMPILER_GLOBAL_ACCENT_COLOR_NAME = AccentColor;
				CODE_SIGN_STYLE = Automatic;
				DEVELOPMENT_TEAM = RRAQ4U897N;
				INFOPLIST_FILE = HomeWork2.2v3/Info.plist;
				LD_RUNPATH_SEARCH_PATHS = (
					"$(inherited)",
					"@executable_path/Frameworks",
				);
				PRODUCT_BUNDLE_IDENTIFIER = "Sergey-Druzhinin.HomeWork2-2v3";
				PRODUCT_NAME = "$(TARGET_NAME)";
				SWIFT_VERSION = 5.0;
				TARGETED_DEVICE_FAMILY = 1;
			};
			name = Release;
		};
/* End XCBuildConfiguration section */

/* Begin XCConfigurationList section */
		18444CB1253B4F4A000E3BAE /* Build configuration list for PBXProject "HomeWork2.2v3" */ = {
			isa = XCConfigurationList;
			buildConfigurations = (
				18444CC8253B4F4D000E3BAE /* Debug */,
				18444CC9253B4F4D000E3BAE /* Release */,
			);
			defaultConfigurationIsVisible = 0;
			defaultConfigurationName = Release;
		};
		18444CCA253B4F4D000E3BAE /* Build configuration list for PBXNativeTarget "HomeWork2.2v3" */ = {
			isa = XCConfigurationList;
			buildConfigurations = (
				18444CCB253B4F4D000E3BAE /* Debug */,
				18444CCC253B4F4D000E3BAE /* Release */,
			);
			defaultConfigurationIsVisible = 0;
			defaultConfigurationName = Release;
		};
/* End XCConfigurationList section */
	};
	rootObject = 18444CAE253B4F4A000E3BAE /* Project object */;
}
